
Microsoft Visual Studio Solution File, Format Version 12.00
# Visual Studio 15
VisualStudioVersion = 15.0.27004.2002
MinimumVisualStudioVersion = 10.0.40219.1
Project("{FAE04EC0-301F-11D3-BF4B-00C04F79EFBC}") = "CardGame", "CardGame\CardGame.csproj", "{6EC0AB2A-DD26-40B3-946B-3FE854E86DB0}"
EndProject
Global
	GlobalSection(SolutionConfigurationPlatforms) = preSolution
		Debug|Any CPU = Debug|Any CPU
		Release|Any CPU = Release|Any CPU
	EndGlobalSection
	GlobalSection(ProjectConfigurationPlatforms) = postSolution
		{6EC0AB2A-DD26-40B3-946B-3FE854E86DB0}.Debug|Any CPU.ActiveCfg = Debug|Any CPU
		{6EC0AB2A-DD26-40B3-946B-3FE854E86DB0}.Debug|Any CPU.Build.0 = Debug|Any CPU
		{6EC0AB2A-DD26-40B3-946B-3FE854E86DB0}.Release|Any CPU.ActiveCfg = Release|Any CPU
		{6EC0AB2A-DD26-40B3-946B-3FE854E86DB0}.Release|Any CPU.Build.0 = Release|Any CPU
	EndGlobalSection
	GlobalSection(SolutionProperties) = preSolution
		HideSolutionNode = FALSE
	EndGlobalSection
	GlobalSection(ExtensibilityGlobals) = postSolution
		SolutionGuid = {0ED99661-0F96-4668-9613-349B3309241C}
	EndGlobalSection
EndGlobal
